# M3 full runtime/test/build wheel lock: CPython 3.12, Linux x86_64.
# Generated from anonymous PyPI / official PyTorch CPU wheels; one platform only.
--extra-index-url https://download.pytorch.org/whl/cpu
--only-binary=:all:
attrs==25.3.0 --hash=sha256:427318ce031701fea540783410126f03899a97ffc6f61596ad581ac2e40e3bc3
certifi==2026.7.22 --hash=sha256:62f22742b58a1a33014a2b6b706588a8d7e2a88ae7bd1a6ebe8c992928483775
charset-normalizer==3.5.2 --hash=sha256:3d31298449090ab8d47b7b1b2a555ff73cac7ed438a08b7ac160980c7ebed649
filelock==4.0.12 --hash=sha256:5f17ee83ecee8a6f3e389c75822fb70a1c2f0506b99438a6dffa1d56793588c8
fsspec==2026.9.0 --hash=sha256:8dd6e646e99ea382bd85f97a45e6b526a442d79423a7dc673f1e2756d05fcb5f
hf-xet==1.7.0 --hash=sha256:2814a6e999d13464c4d679b788cc5d784eb5a4edfc638a31f10e9a11ab531ef8
huggingface-hub==0.36.0 --hash=sha256:7bcc9ad17d5b3f07b57c78e79d527102d08313caa278a641993acddcb894548d
idna==3.20 --hash=sha256:ab7ae7122974553370f0bdb919e1a960b2cd1bc1ef0276416d896db81c14582c
iniconfig==2.1.0 --hash=sha256:9deba5723312380e77435581c6bf4935c94cbfab9b1ed33ef8d238ea168eb760
Jinja2==3.1.6 --hash=sha256:85ece4451f492d0c13c5dd7c13a64681a86afae63a5f347908daf103ce6d2f67
jsonschema==4.25.1 --hash=sha256:3fba0169e345c7175110351d456342c364814cfcf3b964ba4587f22915230a63
jsonschema-specifications==2025.9.1 --hash=sha256:98802fee3a11ee76ecaca44429fda8a41bff98b00a0f2838151b113f210cc6fe
MarkupSafe==3.0.4 --hash=sha256:8e124f974786f831d6043728e38296969d3579db8896fe004682f5758e613581
mpmath==1.3.0 --hash=sha256:a0b2b9fe80bbcd81a6647ff13108738cfb482d481d826cc0e02f5b35e5c88d2c
networkx==3.7 --hash=sha256:e3fd2c13a7814cee3746340d8d7f8598a67f16a58bf47fb7f8793fab6efca1b0
numpy==2.2.6 --hash=sha256:fd83c01228a688733f1ded5201c678f0c53ecc1006ffbc404db9f7a899ac6249
packaging==25.0 --hash=sha256:29572ef2b1f17581046b3a2227d5c611fb25ec70ca1ba8554b24b0e69331a484
pillow==11.3.0 --hash=sha256:676b2815362456b5b3216b4fd5bd89d362100dc6f4945154ff172e206a22c024
pluggy==1.6.0 --hash=sha256:e920276dd6813095e9377c0bc5566d94c932c33b27a3e3945d8389c374dd4746
Pygments==2.19.2 --hash=sha256:86540386c03d588bb81d44bc3928634ff26449851e99741617ecb9037ee5ec0b
pytest==8.4.2 --hash=sha256:872f880de3fc3a5bdc88a11b39c9710c3497a547cfa9320bc3c5e62fbf272e79
PyYAML==6.0.3 --hash=sha256:ba1cc08a7ccde2d2ec775841541641e4548226580ab850948cbfda66a1befcdc
referencing==0.36.2 --hash=sha256:e8699adbbf8b5c7de96d8ffa0eb5c158b3beafce084968e2ea8bb08c6794dcd0
requests==2.34.2 --hash=sha256:2a0d60c172f83ac6ab31e4554906c0f3b3588d37b5cb939b1c061f4907e278e0
rpds-py==0.27.1 --hash=sha256:466bfe65bd932da36ff279ddd92de56b042f2266d752719beb97b08526268ec5
safetensors==0.6.2 --hash=sha256:8045db2c872db8f4cbe3faa0495932d89c38c899c603f21e9b6486951a5ecb8f
setuptools==80.9.0 --hash=sha256:062d34222ad13e0cc312a4c02d73f059e86a4acbfbdea8f8f76b28c99f306922
sympy==1.14.0 --hash=sha256:e091cc3e99d2141a0ba2847328f5479b05d94a6635cb96148ccb3f34671bd8f5
timm==1.0.22 --hash=sha256:888981753e65cbaacfc07494370138b1700a27b1f0af587f4f9b47bc024161d0
torch==2.8.0+cpu --hash=sha256:cb9a8ba8137ab24e36bf1742cb79a1294bd374db570f09fc15a5e1318160db4e
torchvision==0.23.0+cpu --hash=sha256:ae459d4509d3b837b978dc6c66106601f916b6d2cda75c137e3f5f48324ce1da
tqdm==4.70.1 --hash=sha256:c293e525e6fef9c20e8728fd4612df02a0aa31bb5fe91ecd93e123b1b7bffa73
typing_extensions==4.16.0 --hash=sha256:481caa481374e813c1b176ada14e97f1f67a4539ce9cfeb3f350d78d6370c2e8
urllib3==2.8.0 --hash=sha256:0cf3cae568d36aa9576b28dfb35f11328f1cb974ca7647d9475ebb86c75ac6e3
wheel==0.45.1 --hash=sha256:708e7481cc80179af0e556bbf0cc00b8444c7321e2700b8d8580231d13017248
