# M4 additions: CPython 3.12 Linux x86_64; retains complete M3 lock.
-r requirements-cpu.lock
coloredlogs==15.0.1 --hash=sha256:612ee75c546f53e92e70049c9dbfcc18c935a2b9a53b66085ce9ef6a6e5c0934
flatbuffers==25.12.19 --hash=sha256:7634f50c427838bb021c2d66a3d1168e9d199b0607e6329399f04846d42e20b4
humanfriendly==10.0 --hash=sha256:1697e1a8a8f550fd43c2865cd84542fc175a61dcb779b6fee18cf6b6ccba1477
ml-dtypes==0.6.0 --hash=sha256:3b4a480aa8fd54a1805b8ac10f3f91763926a74f73c0c364c10f9231854f4170
onnx==1.19.1 --hash=sha256:485d3674d50d789e0ee72fa6f6e174ab81cb14c772d594f992141bd744729d8a
onnxruntime==1.23.2 --hash=sha256:0f9b4ae77f8e3c9bee50c27bc1beede83f786fe1d52e99ac85aa8d65a01e9b77
protobuf==7.36.2 --hash=sha256:89f23aa53c24553a2416fd4fd1ec06f74fa42b14b546d8883128813f775bbfd2
